Microsoft Visual Studio Solution File, Format Version 12.00
# Visual Studio Version 17
VisualStudioVersion = 17.5.2.0
MinimumVisualStudioVersion = 10.0.40219.1
Project("{FAE04EC0-301F-11D3-BF4B-00C04F79EFBC}") = "IntroductionTutorial", "IntroductionTutorial\IntroductionTutorial.csproj", "{F2EA6FE2-F794-946D-AE29-41EDAAB1A4B3}"
EndProject
Global
	GlobalSection(SolutionConfigurationPlatforms) = preSolution
		Debug|Any CPU = Debug|Any CPU
		Release|Any CPU = Release|Any CPU
	EndGlobalSection
	GlobalSection(ProjectConfigurationPlatforms) = postSolution
		{F2EA6FE2-F794-946D-AE29-41EDAAB1A4B3}.Debug|Any CPU.ActiveCfg = Debug|Any CPU
		{F2EA6FE2-F794-946D-AE29-41EDAAB1A4B3}.Debug|Any CPU.Build.0 = Debug|Any CPU
		{F2EA6FE2-F794-946D-AE29-41EDAAB1A4B3}.Release|Any CPU.ActiveCfg = Release|Any CPU
		{F2EA6FE2-F794-946D-AE29-41EDAAB1A4B3}.Release|Any CPU.Build.0 = Release|Any CPU
	EndGlobalSection
	GlobalSection(SolutionProperties) = preSolution
		HideSolutionNode = FALSE
	EndGlobalSection
	GlobalSection(ExtensibilityGlobals) = postSolution
		SolutionGuid = {1CCFF5EE-8523-43AA-A7F8-0E41B88F27D6}
	EndGlobalSection
EndGlobal
